
Microsoft Visual Studio Solution File, Format Version 12.00
# Visual Studio Version 16
VisualStudioVersion = 16.0.32901.82
MinimumVisualStudioVersion = 10.0.40219.1
Project("{FAE04EC0-301F-11D3-BF4B-00C04F79EFBC}") = "airport", "airport\airport.csproj", "{4D74D2D7-C3AF-423B-9884-28A331EE8501}"
EndProject
Global
	GlobalSection(SolutionConfigurationPlatforms) = preSolution
		Debug|Any CPU = Debug|Any CPU
		Release|Any CPU = Release|Any CPU
	EndGlobalSection
	GlobalSection(ProjectConfigurationPlatforms) = postSolution
		{4D74D2D7-C3AF-423B-9884-28A331EE8501}.Debug|Any CPU.ActiveCfg = Debug|Any CPU
		{4D74D2D7-C3AF-423B-9884-28A331EE8501}.Debug|Any CPU.Build.0 = Debug|Any CPU
		{4D74D2D7-C3AF-423B-9884-28A331EE8501}.Release|Any CPU.ActiveCfg = Release|Any CPU
		{4D74D2D7-C3AF-423B-9884-28A331EE8501}.Release|Any CPU.Build.0 = Release|Any CPU
	EndGlobalSection
	GlobalSection(SolutionProperties) = preSolution
		HideSolutionNode = FALSE
	EndGlobalSection
	GlobalSection(ExtensibilityGlobals) = postSolution
		SolutionGuid = {73A09FB4-1E2A-4788-94DC-5C683C590CC9}
	EndGlobalSection
EndGlobal
